
Microsoft Visual Studio Solution File, Format Version 12.00
# Visual Studio Version 17
VisualStudioVersion = 17.6.33723.286
MinimumVisualStudioVersion = 10.0.40219.1
Project("{FAE04EC0-301F-11D3-BF4B-00C04F79EFBC}") = "ConsoleMenuColoring", "ConsoleMenuColoring\ConsoleMenuColoring.csproj", "{752EA1AE-7223-450A-A803-D25D0EABFF0C}"
EndProject
Global
	GlobalSection(SolutionConfigurationPlatforms) = preSolution
		Debug|Any CPU = Debug|Any CPU
		Release|Any CPU = Release|Any CPU
	EndGlobalSection
	GlobalSection(ProjectConfigurationPlatforms) = postSolution
		{752EA1AE-7223-450A-A803-D25D0EABFF0C}.Debug|Any CPU.ActiveCfg = Debug|Any CPU
		{752EA1AE-7223-450A-A803-D25D0EABFF0C}.Debug|Any CPU.Build.0 = Debug|Any CPU
		{752EA1AE-7223-450A-A803-D25D0EABFF0C}.Release|Any CPU.ActiveCfg = Release|Any CPU
		{752EA1AE-7223-450A-A803-D25D0EABFF0C}.Release|Any CPU.Build.0 = Release|Any CPU
	EndGlobalSection
	GlobalSection(SolutionProperties) = preSolution
		HideSolutionNode = FALSE
	EndGlobalSection
	GlobalSection(ExtensibilityGlobals) = postSolution
		SolutionGuid = {1F8FEB33-45EA-47BB-BC1E-3B11C1E449DE}
	EndGlobalSection
EndGlobal
